
Microsoft Visual Studio Solution File, Format Version 12.00
# Visual Studio Version 16
VisualStudioVersion = 16.0.31105.61
MinimumVisualStudioVersion = 10.0.40219.1
Project("{FAE04EC0-301F-11D3-BF4B-00C04F79EFBC}") = "GradeReport", "GradeReport\GradeReport.csproj", "{D992D966-4C79-41EF-897C-42900BBC483B}"
EndProject
Global
	GlobalSection(SolutionConfigurationPlatforms) = preSolution
		Debug|Any CPU = Debug|Any CPU
		Release|Any CPU = Release|Any CPU
	EndGlobalSection
	GlobalSection(ProjectConfigurationPlatforms) = postSolution
		{D992D966-4C79-41EF-897C-42900BBC483B}.Debug|Any CPU.ActiveCfg = Debug|Any CPU
		{D992D966-4C79-41EF-897C-42900BBC483B}.Debug|Any CPU.Build.0 = Debug|Any CPU
		{D992D966-4C79-41EF-897C-42900BBC483B}.Release|Any CPU.ActiveCfg = Release|Any CPU
		{D992D966-4C79-41EF-897C-42900BBC483B}.Release|Any CPU.Build.0 = Release|Any CPU
	EndGlobalSection
	GlobalSection(SolutionProperties) = preSolution
		HideSolutionNode = FALSE
	EndGlobalSection
	GlobalSection(ExtensibilityGlobals) = postSolution
		SolutionGuid = {D009FD8F-0F82-454D-9CCD-89B2FB7EFB46}
	EndGlobalSection
EndGlobal
